Microsoft Visual Studio Solution File, Format Version 12.00
# Visual Studio 2012
Project("{FAE04EC0-301F-11D3-BF4B-00C04F79EFBC}") = "Nightfall Shared Utils", "Nightfall Shared Utils.csproj", "{F42DAFD3-8091-45A6-9E4C-19DFDCF66B4F}"
EndProject
Project("{FAE04EC0-301F-11D3-BF4B-00C04F79EFBC}") = "Nightfall Shared Utils Tests", "tests\Nightfall Shared Utils Tests.csproj", "{AF7CA496-657E-4B8E-82F5-0AC6820F48D7}"
EndProject
Global
	GlobalSection(SolutionConfigurationPlatforms) = preSolution
	Debug|Any CPU = Debug|Any CPU
	ExportDebug|Any CPU = ExportDebug|Any CPU
	ExportRelease|Any CPU = ExportRelease|Any CPU
	EndGlobalSection
	GlobalSection(ProjectConfigurationPlatforms) = postSolution
		{F42DAFD3-8091-45A6-9E4C-19DFDCF66B4F}.Debug|Any CPU.ActiveCfg = Debug|Any CPU
		{F42DAFD3-8091-45A6-9E4C-19DFDCF66B4F}.Debug|Any CPU.Build.0 = Debug|Any CPU
		{F42DAFD3-8091-45A6-9E4C-19DFDCF66B4F}.ExportDebug|Any CPU.ActiveCfg = ExportDebug|Any CPU
		{F42DAFD3-8091-45A6-9E4C-19DFDCF66B4F}.ExportDebug|Any CPU.Build.0 = ExportDebug|Any CPU
		{F42DAFD3-8091-45A6-9E4C-19DFDCF66B4F}.ExportRelease|Any CPU.ActiveCfg = ExportRelease|Any CPU
		{F42DAFD3-8091-45A6-9E4C-19DFDCF66B4F}.ExportRelease|Any CPU.Build.0 = ExportRelease|Any CPU
		{AF7CA496-657E-4B8E-82F5-0AC6820F48D7}.Debug|Any CPU.ActiveCfg = Debug|Any CPU
		{AF7CA496-657E-4B8E-82F5-0AC6820F48D7}.Debug|Any CPU.Build.0 = Debug|Any CPU
		{AF7CA496-657E-4B8E-82F5-0AC6820F48D7}.ExportDebug|Any CPU.ActiveCfg = Debug|Any CPU
		{AF7CA496-657E-4B8E-82F5-0AC6820F48D7}.ExportDebug|Any CPU.Build.0 = Debug|Any CPU
		{AF7CA496-657E-4B8E-82F5-0AC6820F48D7}.ExportRelease|Any CPU.ActiveCfg = Debug|Any CPU
		{AF7CA496-657E-4B8E-82F5-0AC6820F48D7}.ExportRelease|Any CPU.Build.0 = Debug|Any CPU
	EndGlobalSection
EndGlobal
